
Microsoft Visual Studio Solution File, Format Version 12.00
# Visual Studio Version 16
VisualStudioVersion = 16.0.30114.105
MinimumVisualStudioVersion = 10.0.40219.1
Project("{FAE04EC0-301F-11D3-BF4B-00C04F79EFBC}") = "Calculadora", "Calculadora\Calculadora.csproj", "{68EDBB54-95BA-49C8-89B6-5B099428C399}"
EndProject
Project("{FAE04EC0-301F-11D3-BF4B-00C04F79EFBC}") = "CalculadoraTest", "CalculadoraTest\CalculadoraTest.csproj", "{3AD414C0-DA1A-4DEE-B3C2-D4B8CD879E08}"
EndProject
Global
	GlobalSection(SolutionConfigurationPlatforms) = preSolution
		Debug|Any CPU = Debug|Any CPU
		Release|Any CPU = Release|Any CPU
	EndGlobalSection
	GlobalSection(SolutionProperties) = preSolution
		HideSolutionNode = FALSE
	EndGlobalSection
	GlobalSection(ProjectConfigurationPlatforms) = postSolution
		{68EDBB54-95BA-49C8-89B6-5B099428C399}.Debug|Any CPU.ActiveCfg = Debug|Any CPU
		{68EDBB54-95BA-49C8-89B6-5B099428C399}.Debug|Any CPU.Build.0 = Debug|Any CPU
		{68EDBB54-95BA-49C8-89B6-5B099428C399}.Release|Any CPU.ActiveCfg = Release|Any CPU
		{68EDBB54-95BA-49C8-89B6-5B099428C399}.Release|Any CPU.Build.0 = Release|Any CPU
		{3AD414C0-DA1A-4DEE-B3C2-D4B8CD879E08}.Debug|Any CPU.ActiveCfg = Debug|Any CPU
		{3AD414C0-DA1A-4DEE-B3C2-D4B8CD879E08}.Debug|Any CPU.Build.0 = Debug|Any CPU
		{3AD414C0-DA1A-4DEE-B3C2-D4B8CD879E08}.Release|Any CPU.ActiveCfg = Release|Any CPU
		{3AD414C0-DA1A-4DEE-B3C2-D4B8CD879E08}.Release|Any CPU.Build.0 = Release|Any CPU
	EndGlobalSection
EndGlobal
